
Microsoft Visual Studio Solution File, Format Version 12.00
# Visual Studio 2013
VisualStudioVersion = 12.0.21005.1
MinimumVisualStudioVersion = 10.0.40219.1
Project("{FAE04EC0-301F-11D3-BF4B-00C04F79EFBC}") = "appclient", "appclient.csproj", "{8272A9C2-56AB-46D1-80BC-910DCCB23B0F}"
EndProject
Global
	GlobalSection(SolutionConfigurationPlatforms) = preSolution
		Debug|x86 = Debug|x86
		Release|x86 = Release|x86
	EndGlobalSection
	GlobalSection(ProjectConfigurationPlatforms) = postSolution
		{8272A9C2-56AB-46D1-80BC-910DCCB23B0F}.Debug|x86.ActiveCfg = Debug|x86
		{8272A9C2-56AB-46D1-80BC-910DCCB23B0F}.Debug|x86.Build.0 = Debug|x86
		{8272A9C2-56AB-46D1-80BC-910DCCB23B0F}.Release|x86.ActiveCfg = Release|x86
		{8272A9C2-56AB-46D1-80BC-910DCCB23B0F}.Release|x86.Build.0 = Release|x86
	EndGlobalSection
	GlobalSection(SolutionProperties) = preSolution
		HideSolutionNode = FALSE
	EndGlobalSection
EndGlobal
